
Microsoft Visual Studio Solution File, Format Version 12.00
# Visual Studio 15
VisualStudioVersion = 15.0.27130.2036
MinimumVisualStudioVersion = 10.0.40219.1
Project("{FAE04EC0-301F-11D3-BF4B-00C04F79EFBC}") = "ProjectA", "ProjectA\ProjectA.csproj", "{88655C6B-9C7A-4179-9781-4A3C6E062C22}"
EndProject
Global
	GlobalSection(SolutionConfigurationPlatforms) = preSolution
		Debug|Any CPU = Debug|Any CPU
		Release|Any CPU = Release|Any CPU
	EndGlobalSection
	GlobalSection(ProjectConfigurationPlatforms) = postSolution
		{88655C6B-9C7A-4179-9781-4A3C6E062C22}.Debug|Any CPU.ActiveCfg = Debug|Any CPU
		{88655C6B-9C7A-4179-9781-4A3C6E062C22}.Debug|Any CPU.Build.0 = Debug|Any CPU
		{88655C6B-9C7A-4179-9781-4A3C6E062C22}.Release|Any CPU.ActiveCfg = Release|Any CPU
		{88655C6B-9C7A-4179-9781-4A3C6E062C22}.Release|Any CPU.Build.0 = Release|Any CPU
	EndGlobalSection
	GlobalSection(SolutionProperties) = preSolution
		HideSolutionNode = FALSE
	EndGlobalSection
	GlobalSection(ExtensibilityGlobals) = postSolution
		SolutionGuid = {55B4E33E-51B2-467B-846E-03D3EF2A4BB8}
	EndGlobalSection
EndGlobal
